
Microsoft Visual Studio Solution File, Format Version 12.00
# Visual Studio Version 16
VisualStudioVersion = 16.0.31624.102
MinimumVisualStudioVersion = 10.0.40219.1
Project("{FAE04EC0-301F-11D3-BF4B-00C04F79EFBC}") = "GermanCarNumber", "GermanCarNumber\GermanCarNumber.csproj", "{3BE83DC2-BCC3-4195-9466-BBF88CBD2ED5}"
EndProject
Global
	GlobalSection(SolutionConfigurationPlatforms) = preSolution
		Debug|Any CPU = Debug|Any CPU
		Release|Any CPU = Release|Any CPU
	EndGlobalSection
	GlobalSection(ProjectConfigurationPlatforms) = postSolution
		{3BE83DC2-BCC3-4195-9466-BBF88CBD2ED5}.Debug|Any CPU.ActiveCfg = Debug|Any CPU
		{3BE83DC2-BCC3-4195-9466-BBF88CBD2ED5}.Debug|Any CPU.Build.0 = Debug|Any CPU
		{3BE83DC2-BCC3-4195-9466-BBF88CBD2ED5}.Release|Any CPU.ActiveCfg = Release|Any CPU
		{3BE83DC2-BCC3-4195-9466-BBF88CBD2ED5}.Release|Any CPU.Build.0 = Release|Any CPU
	EndGlobalSection
	GlobalSection(SolutionProperties) = preSolution
		HideSolutionNode = FALSE
	EndGlobalSection
	GlobalSection(ExtensibilityGlobals) = postSolution
		SolutionGuid = {E548F382-A320-44AD-9D41-33E3667806B0}
	EndGlobalSection
EndGlobal
